// !$*UTF8*$!
{
	archiveVersion = 1;
	classes = {
	};
	objectVersion = 50;
	objects = {

/* Begin PBXBuildFile section */
		3034647720A53334001B1262 /* AppDelegate.m in Sources */ = {isa = PBXBuildFile; fileRef = 3034647620A53334001B1262 /* AppDelegate.m */; };
		3034647A20A53334001B1262 /* ViewController.m in Sources */ = {isa = PBXBuildFile; fileRef = 3034647920A53334001B1262 /* ViewController.m */; };
		3034647D20A53334001B1262 /* Main.storyboard in Resources */ = {isa = PBXBuildFile; fileRef = 3034647B20A53334001B1262 /* Main.storyboard */; };
		3034647F20A53335001B1262 /* Assets.xcassets in Resources */ = {isa = PBXBuildFile; fileRef = 3034647E20A53335001B1262 /* Assets.xcassets */; };
		3034648220A53335001B1262 /* LaunchScreen.storyboard in Resources */ = {isa = PBXBuildFile; fileRef = 3034648020A53335001B1262 /* LaunchScreen.storyboard */; };
		3034648520A53335001B1262 /* main.m in Sources */ = {isa = PBXBuildFile; fileRef = 3034648420A53335001B1262 /* main.m */; };
		3034648F20A53335001B1262 /* MapUse_01Tests.m in Sources */ = {isa = PBXBuildFile; fileRef = 3034648E20A53335001B1262 /* MapUse_01Tests.m */; };
		3034649A20A53335001B1262 /* MapUse_01UITests.m in Sources */ = {isa = PBXBuildFile; fileRef = 3034649920A53335001B1262 /* MapUse_01UITests.m */; };
		304213B820AADC5D008A7A08 /* ZHAnnotation.m in Sources */ = {isa = PBXBuildFile; fileRef = 304213B720AADC5D008A7A08 /* ZHAnnotation.m */; };
		30759EDB20ABCCAE00A1A017 /* ZHDefineAlertAnnotation.m in Sources */ = {isa = PBXBuildFile; fileRef = 30759EDA20ABCCAE00A1A017 /* ZHDefineAlertAnnotation.m */; };
		30759EDE20ABD11600A1A017 /* ZHDefineAlertAnnotationView.m in Sources */ = {isa = PBXBuildFile; fileRef = 30759EDD20ABD11600A1A017 /* ZHDefineAlertAnnotationView.m */; };
		30759EE220ABD44C00A1A017 /* ZHDefineAlertView.m in Sources */ = {isa = PBXBuildFile; fileRef = 30759EE120ABD44C00A1A017 /* ZHDefineAlertView.m */; };
		30759EE420ABD45500A1A017 /* ZHDefineAlertView.xib in Resources */ = {isa = PBXBuildFile; fileRef = 30759EE320ABD45500A1A017 /* ZHDefineAlertView.xib */; };
		30759EE720ABD81800A1A017 /* UIView+MJ.m in Sources */ = {isa = PBXBuildFile; fileRef = 30759EE620ABD81700A1A017 /* UIView+MJ.m */; };
		30759EEB20AC215500A1A017 /* ZHDefineDataModel.m in Sources */ = {isa = PBXBuildFile; fileRef = 30759EEA20AC215500A1A017 /* ZHDefineDataModel.m */; };
/* End PBXBuildFile section */

/* Begin PBXContainerItemProxy section */
		3034648B20A53335001B1262 /* PBXContainerItemProxy */ = {
			isa = PBXContainerItemProxy;
			containerPortal = 3034646A20A53334001B1262 /* Project object */;
			proxyType = 1;
			remoteGlobalIDString = 3034647120A53334001B1262;
			remoteInfo = "MapUse-01";
		};
		3034649620A53335001B1262 /* PBXContainerItemProxy */ = {
			isa = PBXContainerItemProxy;
			containerPortal = 3034646A20A53334001B1262 /* Project object */;
			proxyType = 1;
			remoteGlobalIDString = 3034647120A53334001B1262;
			remoteInfo = "MapUse-01";
		};
/* End PBXContainerItemProxy section */

/* Begin PBXFileReference section */
		3034647220A53334001B1262 /* MapUse-01.app */ = {isa = PBXFileReference; explicitFileType = wrapper.application; includeInIndex = 0; path = "MapUse-01.app"; sourceTree = BUILT_PRODUCTS_DIR; };
		3034647520A53334001B1262 /* AppDelegate.h */ = {isa = PBXFileReference; lastKnownFileType = sourcecode.c.h; path = AppDelegate.h; sourceTree = "<group>"; };
		3034647620A53334001B1262 /* AppDelegate.m */ = {isa = PBXFileReference; lastKnownFileType = sourcecode.c.objc; path = AppDelegate.m; sourceTree = "<group>"; };
		3034647820A53334001B1262 /* ViewController.h */ = {isa = PBXFileReference; lastKnownFileType = sourcecode.c.h; path = ViewController.h; sourceTree = "<group>"; };
		3034647920A53334001B1262 /* ViewController.m */ = {isa = PBXFileReference; lastKnownFileType = sourcecode.c.objc; path = ViewController.m; sourceTree = "<group>"; };
		3034647C20A53334001B1262 /* Base */ = {isa = PBXFileReference; lastKnownFileType = file.storyboard; name = Base; path = Base.lproj/Main.storyboard; sourceTree = "<group>"; };
		3034647E20A53335001B1262 /* Assets.xcassets */ = {isa = PBXFileReference; lastKnownFileType = folder.assetcatalog; path = Assets.xcassets; sourceTree = "<group>"; };
		3034648120A53335001B1262 /* Base */ = {isa = PBXFileReference; lastKnownFileType = file.storyboard; name = Base; path = Base.lproj/LaunchScreen.storyboard; sourceTree = "<group>"; };
		3034648320A53335001B1262 /* Info.plist */ = {isa = PBXFileReference; lastKnownFileType = text.plist.xml; path = Info.plist; sourceTree = "<group>"; };
		3034648420A53335001B1262 /* main.m */ = {isa = PBXFileReference; lastKnownFileType = sourcecode.c.objc; path = main.m; sourceTree = "<group>"; };
		3034648A20A53335001B1262 /* MapUse-01Tests.xctest */ = {isa = PBXFileReference; explicitFileType = wrapper.cfbundle; includeInIndex = 0; path = "MapUse-01Tests.xctest"; sourceTree = BUILT_PRODUCTS_DIR; };
		3034648E20A53335001B1262 /* MapUse_01Tests.m */ = {isa = PBXFileReference; lastKnownFileType = sourcecode.c.objc; path = MapUse_01Tests.m; sourceTree = "<group>"; };
		3034649020A53335001B1262 /* Info.plist */ = {isa = PBXFileReference; lastKnownFileType = text.plist.xml; path = Info.plist; sourceTree = "<group>"; };
		3034649520A53335001B1262 /* MapUse-01UITests.xctest */ = {isa = PBXFileReference; explicitFileType = wrapper.cfbundle; includeInIndex = 0; path = "MapUse-01UITests.xctest"; sourceTree = BUILT_PRODUCTS_DIR; };
		3034649920A53335001B1262 /* MapUse_01UITests.m */ = {isa = PBXFileReference; lastKnownFileType = sourcecode.c.objc; path = MapUse_01UITests.m; sourceTree = "<group>"; };
		3034649B20A53335001B1262 /* Info.plist */ = {isa = PBXFileReference; lastKnownFileType = text.plist.xml; path = Info.plist; sourceTree = "<group>"; };
		304213B620AADC5D008A7A08 /* ZHAnnotation.h */ = {isa = PBXFileReference; lastKnownFileType = sourcecode.c.h; path = ZHAnnotation.h; sourceTree = "<group>"; };
		304213B720AADC5D008A7A08 /* ZHAnnotation.m */ = {isa = PBXFileReference; lastKnownFileType = sourcecode.c.objc; path = ZHAnnotation.m; sourceTree = "<group>"; };
		30759ED920ABCCAE00A1A017 /* ZHDefineAlertAnnotation.h */ = {isa = PBXFileReference; lastKnownFileType = sourcecode.c.h; path = ZHDefineAlertAnnotation.h; sourceTree = "<group>"; };
		30759EDA20ABCCAE00A1A017 /* ZHDefineAlertAnnotation.m */ = {isa = PBXFileReference; lastKnownFileType = sourcecode.c.objc; path = ZHDefineAlertAnnotation.m; sourceTree = "<group>"; };
		30759EDC20ABD11600A1A017 /* ZHDefineAlertAnnotationView.h */ = {isa = PBXFileReference; lastKnownFileType = sourcecode.c.h; path = ZHDefineAlertAnnotationView.h; sourceTree = "<group>"; };
		30759EDD20ABD11600A1A017 /* ZHDefineAlertAnnotationView.m */ = {isa = PBXFileReference; lastKnownFileType = sourcecode.c.objc; path = ZHDefineAlertAnnotationView.m; sourceTree = "<group>"; };
		30759EE020ABD44C00A1A017 /* ZHDefineAlertView.h */ = {isa = PBXFileReference; lastKnownFileType = sourcecode.c.h; path = ZHDefineAlertView.h; sourceTree = "<group>"; };
		30759EE120ABD44C00A1A017 /* ZHDefineAlertView.m */ = {isa = PBXFileReference; lastKnownFileType = sourcecode.c.objc; path = ZHDefineAlertView.m; sourceTree = "<group>"; };
		30759EE320ABD45500A1A017 /* ZHDefineAlertView.xib */ = {isa = PBXFileReference; lastKnownFileType = file.xib; path = ZHDefineAlertView.xib; sourceTree = "<group>"; };
		30759EE520ABD81700A1A017 /* UIView+MJ.h */ = {isa = PBXFileReference; fileEncoding = 4; lastKnownFileType = sourcecode.c.h; path = "UIView+MJ.h"; sourceTree = "<group>"; };
		30759EE620ABD81700A1A017 /* UIView+MJ.m */ = {isa = PBXFileReference; fileEncoding = 4; lastKnownFileType = sourcecode.c.objc; path = "UIView+MJ.m"; sourceTree = "<group>"; };
		30759EE920AC215500A1A017 /* ZHDefineDataModel.h */ = {isa = PBXFileReference; lastKnownFileType = sourcecode.c.h; path = ZHDefineDataModel.h; sourceTree = "<group>"; };
		30759EEA20AC215500A1A017 /* ZHDefineDataModel.m */ = {isa = PBXFileReference; lastKnownFileType = sourcecode.c.objc; path = ZHDefineDataModel.m; sourceTree = "<group>"; };
/* End PBXFileReference section */

/* Begin PBXFrameworksBuildPhase section */
		3034646F20A53334001B1262 /* Frameworks */ = {
			isa = PBXFrameworksBuildPhase;
			buildActionMask = 2147483647;
			files = (
			);
			runOnlyForDeploymentPostprocessing = 0;
		};
		3034648720A53335001B1262 /* Frameworks */ = {
			isa = PBXFrameworksBuildPhase;
			buildActionMask = 2147483647;
			files = (
			);
			runOnlyForDeploymentPostprocessing = 0;
		};
		3034649220A53335001B1262 /* Frameworks */ = {
			isa = PBXFrameworksBuildPhase;
			buildActionMask = 2147483647;
			files = (
			);
			runOnlyForDeploymentPostprocessing = 0;
		};
/* End PBXFrameworksBuildPhase section */

/* Begin PBXGroup section */
		3034646920A53334001B1262 = {
			isa = PBXGroup;
			children = (
				3034647420A53334001B1262 /* MapUse-01 */,
				3034648D20A53335001B1262 /* MapUse-01Tests */,
				3034649820A53335001B1262 /* MapUse-01UITests */,
				3034647320A53334001B1262 /* Products */,
				303464A720A57345001B1262 /* Frameworks */,
			);
			sourceTree = "<group>";
		};
		3034647320A53334001B1262 /* Products */ = {
			isa = PBXGroup;
			children = (
				3034647220A53334001B1262 /* MapUse-01.app */,
				3034648A20A53335001B1262 /* MapUse-01Tests.xctest */,
				3034649520A53335001B1262 /* MapUse-01UITests.xctest */,
			);
			name = Products;
			sourceTree = "<group>";
		};
		3034647420A53334001B1262 /* MapUse-01 */ = {
			isa = PBXGroup;
			children = (
				30759EE820AC212800A1A017 /* Model */,
				30759EDF20ABD42400A1A017 /* ZHDefineAnnotationView */,
				30759ED820ABCC3700A1A017 /* Annotation */,
				3034647520A53334001B1262 /* AppDelegate.h */,
				3034647620A53334001B1262 /* AppDelegate.m */,
				30759EE520ABD81700A1A017 /* UIView+MJ.h */,
				30759EE620ABD81700A1A017 /* UIView+MJ.m */,
				3034647820A53334001B1262 /* ViewController.h */,
				3034647920A53334001B1262 /* ViewController.m */,
				3034647B20A53334001B1262 /* Main.storyboard */,
				3034647E20A53335001B1262 /* Assets.xcassets */,
				3034648020A53335001B1262 /* LaunchScreen.storyboard */,
				3034648320A53335001B1262 /* Info.plist */,
				3034648420A53335001B1262 /* main.m */,
			);
			path = "MapUse-01";
			sourceTree = "<group>";
		};
		3034648D20A53335001B1262 /* MapUse-01Tests */ = {
			isa = PBXGroup;
			children = (
				3034648E20A53335001B1262 /* MapUse_01Tests.m */,
				3034649020A53335001B1262 /* Info.plist */,
			);
			path = "MapUse-01Tests";
			sourceTree = "<group>";
		};
		3034649820A53335001B1262 /* MapUse-01UITests */ = {
			isa = PBXGroup;
			children = (
				3034649920A53335001B1262 /* MapUse_01UITests.m */,
				3034649B20A53335001B1262 /* Info.plist */,
			);
			path = "MapUse-01UITests";
			sourceTree = "<group>";
		};
		303464A720A57345001B1262 /* Frameworks */ = {
			isa = PBXGroup;
			children = (
			);
			name = Frameworks;
			sourceTree = "<group>";
		};
		30759ED820ABCC3700A1A017 /* Annotation */ = {
			isa = PBXGroup;
			children = (
				30759ED920ABCCAE00A1A017 /* ZHDefineAlertAnnotation.h */,
				30759EDA20ABCCAE00A1A017 /* ZHDefineAlertAnnotation.m */,
				304213B620AADC5D008A7A08 /* ZHAnnotation.h */,
				304213B720AADC5D008A7A08 /* ZHAnnotation.m */,
			);
			path = Annotation;
			sourceTree = "<group>";
		};
		30759EDF20ABD42400A1A017 /* ZHDefineAnnotationView */ = {
			isa = PBXGroup;
			children = (
				30759EDC20ABD11600A1A017 /* ZHDefineAlertAnnotationView.h */,
				30759EDD20ABD11600A1A017 /* ZHDefineAlertAnnotationView.m */,
				30759EE020ABD44C00A1A017 /* ZHDefineAlertView.h */,
				30759EE120ABD44C00A1A017 /* ZHDefineAlertView.m */,
				30759EE320ABD45500A1A017 /* ZHDefineAlertView.xib */,
			);
			path = ZHDefineAnnotationView;
			sourceTree = "<group>";
		};
		30759EE820AC212800A1A017 /* Model */ = {
			isa = PBXGroup;
			children = (
				30759EE920AC215500A1A017 /* ZHDefineDataModel.h */,
				30759EEA20AC215500A1A017 /* ZHDefineDataModel.m */,
			);
			path = Model;
			sourceTree = "<group>";
		};
/* End PBXGroup section */

/* Begin PBXNativeTarget section */
		3034647120A53334001B1262 /* MapUse-01 */ = {
			isa = PBXNativeTarget;
			buildConfigurationList = 3034649E20A53335001B1262 /* Build configuration list for PBXNativeTarget "MapUse-01" */;
			buildPhases = (
				3034646E20A53334001B1262 /* Sources */,
				3034646F20A53334001B1262 /* Frameworks */,
				3034647020A53334001B1262 /* Resources */,
			);
			buildRules = (
			);
			dependencies = (
			);
			name = "MapUse-01";
			productName = "MapUse-01";
			productReference = 3034647220A53334001B1262 /* MapUse-01.app */;
			productType = "com.apple.product-type.application";
		};
		3034648920A53335001B1262 /* MapUse-01Tests */ = {
			isa = PBXNativeTarget;
			buildConfigurationList = 303464A120A53335001B1262 /* Build configuration list for PBXNativeTarget "MapUse-01Tests" */;
			buildPhases = (
				3034648620A53335001B1262 /* Sources */,
				3034648720A53335001B1262 /* Frameworks */,
				3034648820A53335001B1262 /* Resources */,
			);
			buildRules = (
			);
			dependencies = (
				3034648C20A53335001B1262 /* PBXTargetDependency */,
			);
			name = "MapUse-01Tests";
			productName = "MapUse-01Tests";
			productReference = 3034648A20A53335001B1262 /* MapUse-01Tests.xctest */;
			productType = "com.apple.product-type.bundle.unit-test";
		};
		3034649420A53335001B1262 /* MapUse-01UITests */ = {
			isa = PBXNativeTarget;
			buildConfigurationList = 303464A420A53335001B1262 /* Build configuration list for PBXNativeTarget "MapUse-01UITests" */;
			buildPhases = (
				3034649120A53335001B1262 /* Sources */,
				3034649220A53335001B1262 /* Frameworks */,
				3034649320A53335001B1262 /* Resources */,
			);
			buildRules = (
			);
			dependencies = (
				3034649720A53335001B1262 /* PBXTargetDependency */,
			);
			name = "MapUse-01UITests";
			productName = "MapUse-01UITests";
			productReference = 3034649520A53335001B1262 /* MapUse-01UITests.xctest */;
			productType = "com.apple.product-type.bundle.ui-testing";
		};
/* End PBXNativeTarget section */

/* Begin PBXProject section */
		3034646A20A53334001B1262 /* Project object */ = {
			isa = PBXProject;
			attributes = {
				LastUpgradeCheck = 0930;
				ORGANIZATIONNAME = xyj;
				TargetAttributes = {
					3034647120A53334001B1262 = {
						CreatedOnToolsVersion = 9.3;
						SystemCapabilities = {
							com.apple.BackgroundModes = {
								enabled = 1;
							};
							com.apple.Maps.iOS = {
								enabled = 0;
							};
						};
					};
					3034648920A53335001B1262 = {
						CreatedOnToolsVersion = 9.3;
						TestTargetID = 3034647120A53334001B1262;
					};
					3034649420A53335001B1262 = {
						CreatedOnToolsVersion = 9.3;
						TestTargetID = 3034647120A53334001B1262;
					};
				};
			};
			buildConfigurationList = 3034646D20A53334001B1262 /* Build configuration list for PBXProject "MapUse-01" */;
			compatibilityVersion = "Xcode 9.3";
			developmentRegion = en;
			hasScannedForEncodings = 0;
			knownRegions = (
				en,
				Base,
			);
			mainGroup = 3034646920A53334001B1262;
			productRefGroup = 3034647320A53334001B1262 /* Products */;
			projectDirPath = "";
			projectRoot = "";
			targets = (
				3034647120A53334001B1262 /* MapUse-01 */,
				3034648920A53335001B1262 /* MapUse-01Tests */,
				3034649420A53335001B1262 /* MapUse-01UITests */,
			);
		};
/* End PBXProject section */

/* Begin PBXResourcesBuildPhase section */
		3034647020A53334001B1262 /* Resources */ = {
			isa = PBXResourcesBuildPhase;
			buildActionMask = 2147483647;
			files = (
				3034648220A53335001B1262 /* LaunchScreen.storyboard in Resources */,
				3034647F20A53335001B1262 /* Assets.xcassets in Resources */,
				30759EE420ABD45500A1A017 /* ZHDefineAlertView.xib in Resources */,
				3034647D20A53334001B1262 /* Main.storyboard in Resources */,
			);
			runOnlyForDeploymentPostprocessing = 0;
		};
		3034648820A53335001B1262 /* Resources */ = {
			isa = PBXResourcesBuildPhase;
			buildActionMask = 2147483647;
			files = (
			);
			runOnlyForDeploymentPostprocessing = 0;
		};
		3034649320A53335001B1262 /* Resources */ = {
			isa = PBXResourcesBuildPhase;
			buildActionMask = 2147483647;
			files = (
			);
			runOnlyForDeploymentPostprocessing = 0;
		};
/* End PBXResourcesBuildPhase section */

/* Begin PBXSourcesBuildPhase section */
		3034646E20A53334001B1262 /* Sources */ = {
			isa = PBXSourcesBuildPhase;
			buildActionMask = 2147483647;
			files = (
				3034647A20A53334001B1262 /* ViewController.m in Sources */,
				30759EEB20AC215500A1A017 /* ZHDefineDataModel.m in Sources */,
				30759EE720ABD81800A1A017 /* UIView+MJ.m in Sources */,
				3034648520A53335001B1262 /* main.m in Sources */,
				304213B820AADC5D008A7A08 /* ZHAnnotation.m in Sources */,
				3034647720A53334001B1262 /* AppDelegate.m in Sources */,
				30759EDB20ABCCAE00A1A017 /* ZHDefineAlertAnnotation.m in Sources */,
				30759EDE20ABD11600A1A017 /* ZHDefineAlertAnnotationView.m in Sources */,
				30759EE220ABD44C00A1A017 /* ZHDefineAlertView.m in Sources */,
			);
			runOnlyForDeploymentPostprocessing = 0;
		};
		3034648620A53335001B1262 /* Sources */ = {
			isa = PBXSourcesBuildPhase;
			buildActionMask = 2147483647;
			files = (
				3034648F20A53335001B1262 /* MapUse_01Tests.m in Sources */,
			);
			runOnlyForDeploymentPostprocessing = 0;
		};
		3034649120A53335001B1262 /* Sources */ = {
			isa = PBXSourcesBuildPhase;
			buildActionMask = 2147483647;
			files = (
				3034649A20A53335001B1262 /* MapUse_01UITests.m in Sources */,
			);
			runOnlyForDeploymentPostprocessing = 0;
		};
/* End PBXSourcesBuildPhase section */

/* Begin PBXTargetDependency section */
		3034648C20A53335001B1262 /* PBXTargetDependency */ = {
			isa = PBXTargetDependency;
			target = 3034647120A53334001B1262 /* MapUse-01 */;
			targetProxy = 3034648B20A53335001B1262 /* PBXContainerItemProxy */;
		};
		3034649720A53335001B1262 /* PBXTargetDependency */ = {
			isa = PBXTargetDependency;
			target = 3034647120A53334001B1262 /* MapUse-01 */;
			targetProxy = 3034649620A53335001B1262 /* PBXContainerItemProxy */;
		};
/* End PBXTargetDependency section */

/* Begin PBXVariantGroup section */
		3034647B20A53334001B1262 /* Main.storyboard */ = {
			isa = PBXVariantGroup;
			children = (
				3034647C20A53334001B1262 /* Base */,
			);
			name = Main.storyboard;
			sourceTree = "<group>";
		};
		3034648020A53335001B1262 /* LaunchScreen.storyboard */ = {
			isa = PBXVariantGroup;
			children = (
				3034648120A53335001B1262 /* Base */,
			);
			name = LaunchScreen.storyboard;
			sourceTree = "<group>";
		};
/* End PBXVariantGroup section */

/* Begin XCBuildConfiguration section */
		3034649C20A53335001B1262 /* Debug */ = {
			isa = XCBuildConfiguration;
			buildSettings = {
				ALWAYS_SEARCH_USER_PATHS = NO;
				CLANG_ANALYZER_NONNULL = YES;
				CLANG_ANALYZER_NUMBER_OBJECT_CONVERSION = YES_AGGRESSIVE;
				CLANG_CXX_LANGUAGE_STANDARD = "gnu++14";
				CLANG_CXX_LIBRARY = "libc++";
				CLANG_ENABLE_MODULES = YES;
				CLANG_ENABLE_OBJC_ARC = YES;
				CLANG_ENABLE_OBJC_WEAK = YES;
				CLANG_WARN_BLOCK_CAPTURE_AUTORELEASING = YES;
				CLANG_WARN_BOOL_CONVERSION = YES;
				CLANG_WARN_COMMA = YES;
				CLANG_WARN_CONSTANT_CONVERSION = YES;
				CLANG_WARN_DEPRECATED_OBJC_IMPLEMENTATIONS = YES;
				CLANG_WARN_DIRECT_OBJC_ISA_USAGE = YES_ERROR;
				CLANG_WARN_DOCUMENTATION_COMMENTS = YES;
				CLANG_WARN_EMPTY_BODY = YES;
				CLANG_WARN_ENUM_CONVERSION = YES;
				CLANG_WARN_INFINITE_RECURSION = YES;
				CLANG_WARN_INT_CONVERSION = YES;
				CLANG_WARN_NON_LITERAL_NULL_CONVERSION = YES;
				CLANG_WARN_OBJC_IMPLICIT_RETAIN_SELF = YES;
				CLANG_WARN_OBJC_LITERAL_CONVERSION = YES;
				CLANG_WARN_OBJC_ROOT_CLASS = YES_ERROR;
				CLANG_WARN_RANGE_LOOP_ANALYSIS = YES;
				CLANG_WARN_STRICT_PROTOTYPES = YES;
				CLANG_WARN_SUSPICIOUS_MOVE = YES;
				CLANG_WARN_UNGUARDED_AVAILABILITY = YES_AGGRESSIVE;
				CLANG_WARN_UNREACHABLE_CODE = YES;
				CLANG_WARN__DUPLICATE_METHOD_MATCH = YES;
				CODE_SIGN_IDENTITY = "iPhone Developer";
				COPY_PHASE_STRIP = NO;
				DEBUG_INFORMATION_FORMAT = dwarf;
				ENABLE_STRICT_OBJC_MSGSEND = YES;
				ENABLE_TESTABILITY = YES;
				GCC_C_LANGUAGE_STANDARD = gnu11;
				GCC_DYNAMIC_NO_PIC = NO;
				GCC_NO_COMMON_BLOCKS = YES;
				GCC_OPTIMIZATION_LEVEL = 0;
				GCC_PREPROCESSOR_DEFINITIONS = (
					"DEBUG=1",
					"$(inherited)",
				);
				GCC_WARN_64_TO_32_BIT_CONVERSION = YES;
				GCC_WARN_ABOUT_RETURN_TYPE = YES_ERROR;
				GCC_WARN_UNDECLARED_SELECTOR = YES;
				GCC_WARN_UNINITIALIZED_AUTOS = YES_AGGRESSIVE;
				GCC_WARN_UNUSED_FUNCTION = YES;
				GCC_WARN_UNUSED_VARIABLE = YES;
				IPHONEOS_DEPLOYMENT_TARGET = 11.3;
				MTL_ENABLE_DEBUG_INFO = YES;
				ONLY_ACTIVE_ARCH = YES;
				SDKROOT = iphoneos;
			};
			name = Debug;
		};
		3034649D20A53335001B1262 /* Release */ = {
			isa = XCBuildConfiguration;
			buildSettings = {
				ALWAYS_SEARCH_USER_PATHS = NO;
				CLANG_ANALYZER_NONNULL = YES;
				CLANG_ANALYZER_NUMBER_OBJECT_CONVERSION = YES_AGGRESSIVE;
				CLANG_CXX_LANGUAGE_STANDARD = "gnu++14";
				CLANG_CXX_LIBRARY = "libc++";
				CLANG_ENABLE_MODULES = YES;
				CLANG_ENABLE_OBJC_ARC = YES;
				CLANG_ENABLE_OBJC_WEAK = YES;
				CLANG_WARN_BLOCK_CAPTURE_AUTORELEASING = YES;
				CLANG_WARN_BOOL_CONVERSION = YES;
				CLANG_WARN_COMMA = YES;
				CLANG_WARN_CONSTANT_CONVERSION = YES;
				CLANG_WARN_DEPRECATED_OBJC_IMPLEMENTATIONS = YES;
				CLANG_WARN_DIRECT_OBJC_ISA_USAGE = YES_ERROR;
				CLANG_WARN_DOCUMENTATION_COMMENTS = YES;
				CLANG_WARN_EMPTY_BODY = YES;
				CLANG_WARN_ENUM_CONVERSION = YES;
				CLANG_WARN_INFINITE_RECURSION = YES;
				CLANG_WARN_INT_CONVERSION = YES;
				CLANG_WARN_NON_LITERAL_NULL_CONVERSION = YES;
				CLANG_WARN_OBJC_IMPLICIT_RETAIN_SELF = YES;
				CLANG_WARN_OBJC_LITERAL_CONVERSION = YES;
				CLANG_WARN_OBJC_ROOT_CLASS = YES_ERROR;
				CLANG_WARN_RANGE_LOOP_ANALYSIS = YES;
				CLANG_WARN_STRICT_PROTOTYPES = YES;
				CLANG_WARN_SUSPICIOUS_MOVE = YES;
				CLANG_WARN_UNGUARDED_AVAILABILITY = YES_AGGRESSIVE;
				CLANG_WARN_UNREACHABLE_CODE = YES;
				CLANG_WARN__DUPLICATE_METHOD_MATCH = YES;
				CODE_SIGN_IDENTITY = "iPhone Developer";
				COPY_PHASE_STRIP = NO;
				DEBUG_INFORMATION_FORMAT = "dwarf-with-dsym";
				ENABLE_NS_ASSERTIONS = NO;
				ENABLE_STRICT_OBJC_MSGSEND = YES;
				GCC_C_LANGUAGE_STANDARD = gnu11;
				GCC_NO_COMMON_BLOCKS = YES;
				GCC_WARN_64_TO_32_BIT_CONVERSION = YES;
				GCC_WARN_ABOUT_RETURN_TYPE = YES_ERROR;
				GCC_WARN_UNDECLARED_SELECTOR = YES;
				GCC_WARN_UNINITIALIZED_AUTOS = YES_AGGRESSIVE;
				GCC_WARN_UNUSED_FUNCTION = YES;
				GCC_WARN_UNUSED_VARIABLE = YES;
				IPHONEOS_DEPLOYMENT_TARGET = 11.3;
				MTL_ENABLE_DEBUG_INFO = NO;
				SDKROOT = iphoneos;
				VALIDATE_PRODUCT = YES;
			};
			name = Release;
		};
		3034649F20A53335001B1262 /* Debug */ = {
			isa = XCBuildConfiguration;
			buildSettings = {
				ASSETCATALOG_COMPILER_APPICON_NAME = AppIcon;
				CODE_SIGN_STYLE = Automatic;
				DEVELOPMENT_TEAM = JT87XR82RB;
				INFOPLIST_FILE = "MapUse-01/Info.plist";
				IPHONEOS_DEPLOYMENT_TARGET = 8.0;
				LD_RUNPATH_SEARCH_PATHS = (
					"$(inherited)",
					"@executable_path/Frameworks",
				);
				PRODUCT_BUNDLE_IDENTIFIER = "xyj-healthy.com.MapUse-01";
				PRODUCT_NAME = "$(TARGET_NAME)";
				TARGETED_DEVICE_FAMILY = "1,2";
			};
			name = Debug;
		};
		303464A020A53335001B1262 /* Release */ = {
			isa = XCBuildConfiguration;
			buildSettings = {
				ASSETCATALOG_COMPILER_APPICON_NAME = AppIcon;
				CODE_SIGN_STYLE = Automatic;
				DEVELOPMENT_TEAM = JT87XR82RB;
				INFOPLIST_FILE = "MapUse-01/Info.plist";
				IPHONEOS_DEPLOYMENT_TARGET = 8.0;
				LD_RUNPATH_SEARCH_PATHS = (
					"$(inherited)",
					"@executable_path/Frameworks",
				);
				PRODUCT_BUNDLE_IDENTIFIER = "xyj-healthy.com.MapUse-01";
				PRODUCT_NAME = "$(TARGET_NAME)";
				TARGETED_DEVICE_FAMILY = "1,2";
			};
			name = Release;
		};
		303464A220A53335001B1262 /* Debug */ = {
			isa = XCBuildConfiguration;
			buildSettings = {
				BUNDLE_LOADER = "$(TEST_HOST)";
				CODE_SIGN_STYLE = Automatic;
				INFOPLIST_FILE = "MapUse-01Tests/Info.plist";
				LD_RUNPATH_SEARCH_PATHS = (
					"$(inherited)",
					"@executable_path/Frameworks",
					"@loader_path/Frameworks",
				);
				PRODUCT_BUNDLE_IDENTIFIER = "xyj-healthy.com.MapUse-01Tests";
				PRODUCT_NAME = "$(TARGET_NAME)";
				TARGETED_DEVICE_FAMILY = "1,2";
				TEST_HOST = "$(BUILT_PRODUCTS_DIR)/MapUse-01.app/MapUse-01";
			};
			name = Debug;
		};
		303464A320A53335001B1262 /* Release */ = {
			isa = XCBuildConfiguration;
			buildSettings = {
				BUNDLE_LOADER = "$(TEST_HOST)";
				CODE_SIGN_STYLE = Automatic;
				INFOPLIST_FILE = "MapUse-01Tests/Info.plist";
				LD_RUNPATH_SEARCH_PATHS = (
					"$(inherited)",
					"@executable_path/Frameworks",
					"@loader_path/Frameworks",
				);
				PRODUCT_BUNDLE_IDENTIFIER = "xyj-healthy.com.MapUse-01Tests";
				PRODUCT_NAME = "$(TARGET_NAME)";
				TARGETED_DEVICE_FAMILY = "1,2";
				TEST_HOST = "$(BUILT_PRODUCTS_DIR)/MapUse-01.app/MapUse-01";
			};
			name = Release;
		};
		303464A520A53335001B1262 /* Debug */ = {
			isa = XCBuildConfiguration;
			buildSettings = {
				CODE_SIGN_STYLE = Automatic;
				INFOPLIST_FILE = "MapUse-01UITests/Info.plist";
				LD_RUNPATH_SEARCH_PATHS = (
					"$(inherited)",
					"@executable_path/Frameworks",
					"@loader_path/Frameworks",
				);
				PRODUCT_BUNDLE_IDENTIFIER = "xyj-healthy.com.MapUse-01UITests";
				PRODUCT_NAME = "$(TARGET_NAME)";
				TARGETED_DEVICE_FAMILY = "1,2";
				TEST_TARGET_NAME = "MapUse-01";
			};
			name = Debug;
		};
		303464A620A53335001B1262 /* Release */ = {
			isa = XCBuildConfiguration;
			buildSettings = {
				CODE_SIGN_STYLE = Automatic;
				INFOPLIST_FILE = "MapUse-01UITests/Info.plist";
				LD_RUNPATH_SEARCH_PATHS = (
					"$(inherited)",
					"@executable_path/Frameworks",
					"@loader_path/Frameworks",
				);
				PRODUCT_BUNDLE_IDENTIFIER = "xyj-healthy.com.MapUse-01UITests";
				PRODUCT_NAME = "$(TARGET_NAME)";
				TARGETED_DEVICE_FAMILY = "1,2";
				TEST_TARGET_NAME = "MapUse-01";
			};
			name = Release;
		};
/* End XCBuildConfiguration section */

/* Begin XCConfigurationList section */
		3034646D20A53334001B1262 /* Build configuration list for PBXProject "MapUse-01" */ = {
			isa = XCConfigurationList;
			buildConfigurations = (
				3034649C20A53335001B1262 /* Debug */,
				3034649D20A53335001B1262 /* Release */,
			);
			defaultConfigurationIsVisible = 0;
			defaultConfigurationName = Release;
		};
		3034649E20A53335001B1262 /* Build configuration list for PBXNativeTarget "MapUse-01" */ = {
			isa = XCConfigurationList;
			buildConfigurations = (
				3034649F20A53335001B1262 /* Debug */,
				303464A020A53335001B1262 /* Release */,
			);
			defaultConfigurationIsVisible = 0;
			defaultConfigurationName = Release;
		};
		303464A120A53335001B1262 /* Build configuration list for PBXNativeTarget "MapUse-01Tests" */ = {
			isa = XCConfigurationList;
			buildConfigurations = (
				303464A220A53335001B1262 /* Debug */,
				303464A320A53335001B1262 /* Release */,
			);
			defaultConfigurationIsVisible = 0;
			defaultConfigurationName = Release;
		};
		303464A420A53335001B1262 /* Build configuration list for PBXNativeTarget "MapUse-01UITests" */ = {
			isa = XCConfigurationList;
			buildConfigurations = (
				303464A520A53335001B1262 /* Debug */,
				303464A620A53335001B1262 /* Release */,
			);
			defaultConfigurationIsVisible = 0;
			defaultConfigurationName = Release;
		};
/* End XCConfigurationList section */
	};
	rootObject = 3034646A20A53334001B1262 /* Project object */;
}
